
Microsoft Visual Studio Solution File, Format Version 12.00
# Visual Studio Version 16
VisualStudioVersion = 16.0.30517.126
MinimumVisualStudioVersion = 10.0.40219.1
Project("{8BC9CEB8-8B4A-11D0-8D11-00A0C91BC942}") = "CricBuzz", "CricBuzz.vcxproj", "{5DC377D1-3674-49ED-86E1-CF10FC3F4B49}"
EndProject
Global
	GlobalSection(SolutionConfigurationPlatforms) = preSolution
		Debug|x64 = Debug|x64
		Debug|x86 = Debug|x86
		Release|x64 = Release|x64
		Release|x86 = Release|x86
	EndGlobalSection
	GlobalSection(ProjectConfigurationPlatforms) = postSolution
		{5DC377D1-3674-49ED-86E1-CF10FC3F4B49}.Debug|x64.ActiveCfg = Debug|x64
		{5DC377D1-3674-49ED-86E1-CF10FC3F4B49}.Debug|x64.Build.0 = Debug|x64
		{5DC377D1-3674-49ED-86E1-CF10FC3F4B49}.Debug|x86.ActiveCfg = Debug|Win32
		{5DC377D1-3674-49ED-86E1-CF10FC3F4B49}.Debug|x86.Build.0 = Debug|Win32
		{5DC377D1-3674-49ED-86E1-CF10FC3F4B49}.Release|x64.ActiveCfg = Release|x64
		{5DC377D1-3674-49ED-86E1-CF10FC3F4B49}.Release|x64.Build.0 = Release|x64
		{5DC377D1-3674-49ED-86E1-CF10FC3F4B49}.Release|x86.ActiveCfg = Release|Win32
		{5DC377D1-3674-49ED-86E1-CF10FC3F4B49}.Release|x86.Build.0 = Release|Win32
	EndGlobalSection
	GlobalSection(SolutionProperties) = preSolution
		HideSolutionNode = FALSE
	EndGlobalSection
	GlobalSection(ExtensibilityGlobals) = postSolution
		SolutionGuid = {3F27FAEC-D1BF-49F3-83DC-B014EFA45B71}
	EndGlobalSection
EndGlobal
